// !$*UTF8*$!
{
	archiveVersion = 1;
	classes = {
	};
	objectVersion = 56;
	objects = {

/* Begin PBXBuildFile section */
		6855FC0E2A9701DF00F03239 /* Sec9_NavegacionSwiftUIApp.swift in Sources */ = {isa = PBXBuildFile; fileRef = 6855FC0D2A9701DF00F03239 /* Sec9_NavegacionSwiftUIApp.swift */; };
		6855FC102A9701DF00F03239 /* ContentView.swift in Sources */ = {isa = PBXBuildFile; fileRef = 6855FC0F2A9701DF00F03239 /* ContentView.swift */; };
		6855FC122A9701E100F03239 /* Assets.xcassets in Resources */ = {isa = PBXBuildFile; fileRef = 6855FC112A9701E100F03239 /* Assets.xcassets */; };
		6855FC152A9701E100F03239 /* Preview Assets.xcassets in Resources */ = {isa = PBXBuildFile; fileRef = 6855FC142A9701E100F03239 /* Preview Assets.xcassets */; };
		6855FC1C2A97023F00F03239 /* VentanaModal.swift in Sources */ = {isa = PBXBuildFile; fileRef = 6855FC1B2A97023F00F03239 /* VentanaModal.swift */; };
		6855FC1E2A9704A200F03239 /* SegundaVista.swift in Sources */ = {isa = PBXBuildFile; fileRef = 6855FC1D2A9704A200F03239 /* SegundaVista.swift */; };
		6855FC202A97056C00F03239 /* TercerVista.swift in Sources */ = {isa = PBXBuildFile; fileRef = 6855FC1F2A97056C00F03239 /* TercerVista.swift */; };
		686286122A98104F0061A317 /* TabViewMain.swift in Sources */ = {isa = PBXBuildFile; fileRef = 686286112A98104F0061A317 /* TabViewMain.swift */; };
		686286142A98105C0061A317 /* Vista2.swift in Sources */ = {isa = PBXBuildFile; fileRef = 686286132A98105C0061A317 /* Vista2.swift */; };
/* End PBXBuildFile section */

/* Begin PBXFileReference section */
		6855FC0A2A9701DF00F03239 /* Sec9-NavegacionSwiftUI.app */ = {isa = PBXFileReference; explicitFileType = wrapper.application; includeInIndex = 0; path = "Sec9-NavegacionSwiftUI.app"; sourceTree = BUILT_PRODUCTS_DIR; };
		6855FC0D2A9701DF00F03239 /* Sec9_NavegacionSwiftUIApp.swift */ = {isa = PBXFileReference; lastKnownFileType = sourcecode.swift; path = Sec9_NavegacionSwiftUIApp.swift; sourceTree = "<group>"; };
		6855FC0F2A9701DF00F03239 /* ContentView.swift */ = {isa = PBXFileReference; lastKnownFileType = sourcecode.swift; path = ContentView.swift; sourceTree = "<group>"; };
		6855FC112A9701E100F03239 /* Assets.xcassets */ = {isa = PBXFileReference; lastKnownFileType = folder.assetcatalog; path = Assets.xcassets; sourceTree = "<group>"; };
		6855FC142A9701E100F03239 /* Preview Assets.xcassets */ = {isa = PBXFileReference; lastKnownFileType = folder.assetcatalog; path = "Preview Assets.xcassets"; sourceTree = "<group>"; };
		6855FC1B2A97023F00F03239 /* VentanaModal.swift */ = {isa = PBXFileReference; lastKnownFileType = sourcecode.swift; path = VentanaModal.swift; sourceTree = "<group>"; };
		6855FC1D2A9704A200F03239 /* SegundaVista.swift */ = {isa = PBXFileReference; lastKnownFileType = sourcecode.swift; path = SegundaVista.swift; sourceTree = "<group>"; };
		6855FC1F2A97056C00F03239 /* TercerVista.swift */ = {isa = PBXFileReference; lastKnownFileType = sourcecode.swift; path = TercerVista.swift; sourceTree = "<group>"; };
		686286112A98104F0061A317 /* TabViewMain.swift */ = {isa = PBXFileReference; lastKnownFileType = sourcecode.swift; path = TabViewMain.swift; sourceTree = "<group>"; };
		686286132A98105C0061A317 /* Vista2.swift */ = {isa = PBXFileReference; lastKnownFileType = sourcecode.swift; path = Vista2.swift; sourceTree = "<group>"; };
/* End PBXFileReference section */

/* Begin PBXFrameworksBuildPhase section */
		6855FC072A9701DF00F03239 /* Frameworks */ = {
			isa = PBXFrameworksBuildPhase;
			buildActionMask = 2147483647;
			files = (
			);
			runOnlyForDeploymentPostprocessing = 0;
		};
/* End PBXFrameworksBuildPhase section */

/* Begin PBXGroup section */
		6855FC012A9701DF00F03239 = {
			isa = PBXGroup;
			children = (
				6855FC0C2A9701DF00F03239 /* Sec9-NavegacionSwiftUI */,
				6855FC0B2A9701DF00F03239 /* Products */,
			);
			sourceTree = "<group>";
		};
		6855FC0B2A9701DF00F03239 /* Products */ = {
			isa = PBXGroup;
			children = (
				6855FC0A2A9701DF00F03239 /* Sec9-NavegacionSwiftUI.app */,
			);
			name = Products;
			sourceTree = "<group>";
		};
		6855FC0C2A9701DF00F03239 /* Sec9-NavegacionSwiftUI */ = {
			isa = PBXGroup;
			children = (
				6855FC0D2A9701DF00F03239 /* Sec9_NavegacionSwiftUIApp.swift */,
				6855FC0F2A9701DF00F03239 /* ContentView.swift */,
				6855FC112A9701E100F03239 /* Assets.xcassets */,
				6855FC132A9701E100F03239 /* Preview Content */,
				6855FC1B2A97023F00F03239 /* VentanaModal.swift */,
				6855FC1D2A9704A200F03239 /* SegundaVista.swift */,
				6855FC1F2A97056C00F03239 /* TercerVista.swift */,
				686286112A98104F0061A317 /* TabViewMain.swift */,
				686286132A98105C0061A317 /* Vista2.swift */,
			);
			path = "Sec9-NavegacionSwiftUI";
			sourceTree = "<group>";
		};
		6855FC132A9701E100F03239 /* Preview Content */ = {
			isa = PBXGroup;
			children = (
				6855FC142A9701E100F03239 /* Preview Assets.xcassets */,
			);
			path = "Preview Content";
			sourceTree = "<group>";
		};
/* End PBXGroup section */

/* Begin PBXNativeTarget section */
		6855FC092A9701DF00F03239 /* Sec9-NavegacionSwiftUI */ = {
			isa = PBXNativeTarget;
			buildConfigurationList = 6855FC182A9701E100F03239 /* Build configuration list for PBXNativeTarget "Sec9-NavegacionSwiftUI" */;
			buildPhases = (
				6855FC062A9701DF00F03239 /* Sources */,
				6855FC072A9701DF00F03239 /* Frameworks */,
				6855FC082A9701DF00F03239 /* Resources */,
			);
			buildRules = (
			);
			dependencies = (
			);
			name = "Sec9-NavegacionSwiftUI";
			productName = "Sec9-NavegacionSwiftUI";
			productReference = 6855FC0A2A9701DF00F03239 /* Sec9-NavegacionSwiftUI.app */;
			productType = "com.apple.product-type.application";
		};
/* End PBXNativeTarget section */

/* Begin PBXProject section */
		6855FC022A9701DF00F03239 /* Project object */ = {
			isa = PBXProject;
			attributes = {
				BuildIndependentTargetsInParallel = 1;
				LastSwiftUpdateCheck = 1420;
				LastUpgradeCheck = 1420;
				TargetAttributes = {
					6855FC092A9701DF00F03239 = {
						CreatedOnToolsVersion = 14.2;
					};
				};
			};
			buildConfigurationList = 6855FC052A9701DF00F03239 /* Build configuration list for PBXProject "Sec9-NavegacionSwiftUI" */;
			compatibilityVersion = "Xcode 14.0";
			developmentRegion = en;
			hasScannedForEncodings = 0;
			knownRegions = (
				en,
				Base,
			);
			mainGroup = 6855FC012A9701DF00F03239;
			productRefGroup = 6855FC0B2A9701DF00F03239 /* Products */;
			projectDirPath = "";
			projectRoot = "";
			targets = (
				6855FC092A9701DF00F03239 /* Sec9-NavegacionSwiftUI */,
			);
		};
/* End PBXProject section */

/* Begin PBXResourcesBuildPhase section */
		6855FC082A9701DF00F03239 /* Resources */ = {
			isa = PBXResourcesBuildPhase;
			buildActionMask = 2147483647;
			files = (
				6855FC152A9701E100F03239 /* Preview Assets.xcassets in Resources */,
				6855FC122A9701E100F03239 /* Assets.xcassets in Resources */,
			);
			runOnlyForDeploymentPostprocessing = 0;
		};
/* End PBXResourcesBuildPhase section */

/* Begin PBXSourcesBuildPhase section */
		6855FC062A9701DF00F03239 /* Sources */ = {
			isa = PBXSourcesBuildPhase;
			buildActionMask = 2147483647;
			files = (
				6855FC102A9701DF00F03239 /* ContentView.swift in Sources */,
				6855FC1C2A97023F00F03239 /* VentanaModal.swift in Sources */,
				6855FC0E2A9701DF00F03239 /* Sec9_NavegacionSwiftUIApp.swift in Sources */,
				6855FC1E2A9704A200F03239 /* SegundaVista.swift in Sources */,
				6855FC202A97056C00F03239 /* TercerVista.swift in Sources */,
				686286122A98104F0061A317 /* TabViewMain.swift in Sources */,
				686286142A98105C0061A317 /* Vista2.swift in Sources */,
			);
			runOnlyForDeploymentPostprocessing = 0;
		};
/* End PBXSourcesBuildPhase section */

/* Begin XCBuildConfiguration section */
		6855FC162A9701E100F03239 /* Debug */ = {
			isa = XCBuildConfiguration;
			buildSettings = {
				ALWAYS_SEARCH_USER_PATHS = NO;
				CLANG_ANALYZER_NONNULL = YES;
				CLANG_ANALYZER_NUMBER_OBJECT_CONVERSION = YES_AGGRESSIVE;
				CLANG_CXX_LANGUAGE_STANDARD = "gnu++20";
				CLANG_ENABLE_MODULES = YES;
				CLANG_ENABLE_OBJC_ARC = YES;
				CLANG_ENABLE_OBJC_WEAK = YES;
				CLANG_WARN_BLOCK_CAPTURE_AUTORELEASING = YES;
				CLANG_WARN_BOOL_CONVERSION = YES;
				CLANG_WARN_COMMA = YES;
				CLANG_WARN_CONSTANT_CONVERSION = YES;
				CLANG_WARN_DEPRECATED_OBJC_IMPLEMENTATIONS = YES;
				CLANG_WARN_DIRECT_OBJC_ISA_USAGE = YES_ERROR;
				CLANG_WARN_DOCUMENTATION_COMMENTS = YES;
				CLANG_WARN_EMPTY_BODY = YES;
				CLANG_WARN_ENUM_CONVERSION = YES;
				CLANG_WARN_INFINITE_RECURSION = YES;
				CLANG_WARN_INT_CONVERSION = YES;
				CLANG_WARN_NON_LITERAL_NULL_CONVERSION = YES;
				CLANG_WARN_OBJC_IMPLICIT_RETAIN_SELF = YES;
				CLANG_WARN_OBJC_LITERAL_CONVERSION = YES;
				CLANG_WARN_OBJC_ROOT_CLASS = YES_ERROR;
				CLANG_WARN_QUOTED_INCLUDE_IN_FRAMEWORK_HEADER = YES;
				CLANG_WARN_RANGE_LOOP_ANALYSIS = YES;
				CLANG_WARN_STRICT_PROTOTYPES = YES;
				CLANG_WARN_SUSPICIOUS_MOVE = YES;
				CLANG_WARN_UNGUARDED_AVAILABILITY = YES_AGGRESSIVE;
				CLANG_WARN_UNREACHABLE_CODE = YES;
				CLANG_WARN__DUPLICATE_METHOD_MATCH = YES;
				COPY_PHASE_STRIP = NO;
				DEBUG_INFORMATION_FORMAT = dwarf;
				ENABLE_STRICT_OBJC_MSGSEND = YES;
				ENABLE_TESTABILITY = YES;
				GCC_C_LANGUAGE_STANDARD = gnu11;
				GCC_DYNAMIC_NO_PIC = NO;
				GCC_NO_COMMON_BLOCKS = YES;
				GCC_OPTIMIZATION_LEVEL = 0;
				GCC_PREPROCESSOR_DEFINITIONS = (
					"DEBUG=1",
					"$(inherited)",
				);
				GCC_WARN_64_TO_32_BIT_CONVERSION = YES;
				GCC_WARN_ABOUT_RETURN_TYPE = YES_ERROR;
				GCC_WARN_UNDECLARED_SELECTOR = YES;
				GCC_WARN_UNINITIALIZED_AUTOS = YES_AGGRESSIVE;
				GCC_WARN_UNUSED_FUNCTION = YES;
				GCC_WARN_UNUSED_VARIABLE = YES;
				IPHONEOS_DEPLOYMENT_TARGET = 16.2;
				MTL_ENABLE_DEBUG_INFO = INCLUDE_SOURCE;
				MTL_FAST_MATH = YES;
				ONLY_ACTIVE_ARCH = YES;
				SDKROOT = iphoneos;
				SWIFT_ACTIVE_COMPILATION_CONDITIONS = DEBUG;
				SWIFT_OPTIMIZATION_LEVEL = "-Onone";
			};
			name = Debug;
		};
		6855FC172A9701E100F03239 /* Release */ = {
			isa = XCBuildConfiguration;
			buildSettings = {
				ALWAYS_SEARCH_USER_PATHS = NO;
				CLANG_ANALYZER_NONNULL = YES;
				CLANG_ANALYZER_NUMBER_OBJECT_CONVERSION = YES_AGGRESSIVE;
				CLANG_CXX_LANGUAGE_STANDARD = "gnu++20";
				CLANG_ENABLE_MODULES = YES;
				CLANG_ENABLE_OBJC_ARC = YES;
				CLANG_ENABLE_OBJC_WEAK = YES;
				CLANG_WARN_BLOCK_CAPTURE_AUTORELEASING = YES;
				CLANG_WARN_BOOL_CONVERSION = YES;
				CLANG_WARN_COMMA = YES;
				CLANG_WARN_CONSTANT_CONVERSION = YES;
				CLANG_WARN_DEPRECATED_OBJC_IMPLEMENTATIONS = YES;
				CLANG_WARN_DIRECT_OBJC_ISA_USAGE = YES_ERROR;
				CLANG_WARN_DOCUMENTATION_COMMENTS = YES;
				CLANG_WARN_EMPTY_BODY = YES;
				CLANG_WARN_ENUM_CONVERSION = YES;
				CLANG_WARN_INFINITE_RECURSION = YES;
				CLANG_WARN_INT_CONVERSION = YES;
				CLANG_WARN_NON_LITERAL_NULL_CONVERSION = YES;
				CLANG_WARN_OBJC_IMPLICIT_RETAIN_SELF = YES;
				CLANG_WARN_OBJC_LITERAL_CONVERSION = YES;
				CLANG_WARN_OBJC_ROOT_CLASS = YES_ERROR;
				CLANG_WARN_QUOTED_INCLUDE_IN_FRAMEWORK_HEADER = YES;
				CLANG_WARN_RANGE_LOOP_ANALYSIS = YES;
				CLANG_WARN_STRICT_PROTOTYPES = YES;
				CLANG_WARN_SUSPICIOUS_MOVE = YES;
				CLANG_WARN_UNGUARDED_AVAILABILITY = YES_AGGRESSIVE;
				CLANG_WARN_UNREACHABLE_CODE = YES;
				CLANG_WARN__DUPLICATE_METHOD_MATCH = YES;
				COPY_PHASE_STRIP = NO;
				DEBUG_INFORMATION_FORMAT = "dwarf-with-dsym";
				ENABLE_NS_ASSERTIONS = NO;
				ENABLE_STRICT_OBJC_MSGSEND = YES;
				GCC_C_LANGUAGE_STANDARD = gnu11;
				GCC_NO_COMMON_BLOCKS = YES;
				GCC_WARN_64_TO_32_BIT_CONVERSION = YES;
				GCC_WARN_ABOUT_RETURN_TYPE = YES_ERROR;
				GCC_WARN_UNDECLARED_SELECTOR = YES;
				GCC_WARN_UNINITIALIZED_AUTOS = YES_AGGRESSIVE;
				GCC_WARN_UNUSED_FUNCTION = YES;
				GCC_WARN_UNUSED_VARIABLE = YES;
				IPHONEOS_DEPLOYMENT_TARGET = 16.2;
				MTL_ENABLE_DEBUG_INFO = NO;
				MTL_FAST_MATH = YES;
				SDKROOT = iphoneos;
				SWIFT_COMPILATION_MODE = wholemodule;
				SWIFT_OPTIMIZATION_LEVEL = "-O";
				VALIDATE_PRODUCT = YES;
			};
			name = Release;
		};
		6855FC192A9701E100F03239 /* Debug */ = {
			isa = XCBuildConfiguration;
			buildSettings = {
				ASSETCATALOG_COMPILER_APPICON_NAME = AppIcon;
				ASSETCATALOG_COMPILER_GLOBAL_ACCENT_COLOR_NAME = AccentColor;
				CODE_SIGN_STYLE = Automatic;
				CURRENT_PROJECT_VERSION = 1;
				DEVELOPMENT_ASSET_PATHS = "\"Sec9-NavegacionSwiftUI/Preview Content\"";
				ENABLE_PREVIEWS = YES;
				GENERATE_INFOPLIST_FILE = YES;
				INFOPLIST_KEY_UIApplicationSceneManifest_Generation = YES;
				INFOPLIST_KEY_UIApplicationSupportsIndirectInputEvents = YES;
				INFOPLIST_KEY_UILaunchScreen_Generation = YES;
				INFOPLIST_KEY_UISupportedInterfaceOrientations_iPad = "UIInterfaceOrientationPortrait UIInterfaceOrientationPortraitUpsideDown UIInterfaceOrientationLandscapeLeft UIInterfaceOrientationLandscapeRight";
				INFOPLIST_KEY_UISupportedInterfaceOrientations_iPhone = "UIInterfaceOrientationPortrait UIInterfaceOrientationLandscapeLeft UIInterfaceOrientationLandscapeRight";
				LD_RUNPATH_SEARCH_PATHS = (
					"$(inherited)",
					"@executable_path/Frameworks",
				);
				MARKETING_VERSION = 1.0;
				PRODUCT_BUNDLE_IDENTIFIER = "cl.nelsontapia.Sec9-NavegacionSwiftUI";
				PRODUCT_NAME = "$(TARGET_NAME)";
				SWIFT_EMIT_LOC_STRINGS = YES;
				SWIFT_VERSION = 5.0;
				TARGETED_DEVICE_FAMILY = "1,2";
			};
			name = Debug;
		};
		6855FC1A2A9701E100F03239 /* Release */ = {
			isa = XCBuildConfiguration;
			buildSettings = {
				ASSETCATALOG_COMPILER_APPICON_NAME = AppIcon;
				ASSETCATALOG_COMPILER_GLOBAL_ACCENT_COLOR_NAME = AccentColor;
				CODE_SIGN_STYLE = Automatic;
				CURRENT_PROJECT_VERSION = 1;
				DEVELOPMENT_ASSET_PATHS = "\"Sec9-NavegacionSwiftUI/Preview Content\"";
				ENABLE_PREVIEWS = YES;
				GENERATE_INFOPLIST_FILE = YES;
				INFOPLIST_KEY_UIApplicationSceneManifest_Generation = YES;
				INFOPLIST_KEY_UIApplicationSupportsIndirectInputEvents = YES;
				INFOPLIST_KEY_UILaunchScreen_Generation = YES;
				INFOPLIST_KEY_UISupportedInterfaceOrientations_iPad = "UIInterfaceOrientationPortrait UIInterfaceOrientationPortraitUpsideDown UIInterfaceOrientationLandscapeLeft UIInterfaceOrientationLandscapeRight";
				INFOPLIST_KEY_UISupportedInterfaceOrientations_iPhone = "UIInterfaceOrientationPortrait UIInterfaceOrientationLandscapeLeft UIInterfaceOrientationLandscapeRight";
				LD_RUNPATH_SEARCH_PATHS = (
					"$(inherited)",
					"@executable_path/Frameworks",
				);
				MARKETING_VERSION = 1.0;
				PRODUCT_BUNDLE_IDENTIFIER = "cl.nelsontapia.Sec9-NavegacionSwiftUI";
				PRODUCT_NAME = "$(TARGET_NAME)";
				SWIFT_EMIT_LOC_STRINGS = YES;
				SWIFT_VERSION = 5.0;
				TARGETED_DEVICE_FAMILY = "1,2";
			};
			name = Release;
		};
/* End XCBuildConfiguration section */

/* Begin XCConfigurationList section */
		6855FC052A9701DF00F03239 /* Build configuration list for PBXProject "Sec9-NavegacionSwiftUI" */ = {
			isa = XCConfigurationList;
			buildConfigurations = (
				6855FC162A9701E100F03239 /* Debug */,
				6855FC172A9701E100F03239 /* Release */,
			);
			defaultConfigurationIsVisible = 0;
			defaultConfigurationName = Release;
		};
		6855FC182A9701E100F03239 /* Build configuration list for PBXNativeTarget "Sec9-NavegacionSwiftUI" */ = {
			isa = XCConfigurationList;
			buildConfigurations = (
				6855FC192A9701E100F03239 /* Debug */,
				6855FC1A2A9701E100F03239 /* Release */,
			);
			defaultConfigurationIsVisible = 0;
			defaultConfigurationName = Release;
		};
/* End XCConfigurationList section */
	};
	rootObject = 6855FC022A9701DF00F03239 /* Project object */;
}
